# THIS IS AN AUTOGENERATED FILE. DO NOT EDIT THIS FILE DIRECTLY.
# yarn lockfile v1


simple-icons@^1.10.0:
  version "1.20.0"
  resolved "https://registry.yarnpkg.com/simple-icons/-/simple-icons-1.20.0.tgz#08a98d405256890db6d3a9caf6291b8d60365a67"
  integrity sha512-J/lP0ajPp74vL4gWXzqkuFlMX09u6gkJJ5UvqkeEqVi0TJe1EmkSUfFsq035HLX8MrBMDW5oa1G0Kydmrd128g==
