# THIS IS AN AUTOGENERATED FILE. DO NOT EDIT THIS FILE DIRECTLY.
# yarn lockfile v1


"@mdi/svg@^3.7.95":
  version "3.9.97"
  resolved "https://registry.yarnpkg.com/@mdi/svg/-/svg-3.9.97.tgz#653fb2249e47c62bd89664ab1479eb5e16a3051c"
  integrity sha512-ppU8jzKWZIau6DPWywZPtcDw1y5o+EopdtomfpYS96kLf1Lu7qEnIBeh+7QQUjhepKSexO/XW11/mMGecFkOdw==
