{
	"name": "@icoset/preset-evil-icons",
	"version": "0.1.7",
	"lockfileVersion": 1,
	"requires": true,
	"dependencies": {
		"evil-icons": {
			"version": "1.10.1",
			"resolved": "https://registry.npmjs.org/evil-icons/-/evil-icons-1.10.1.tgz",
			"integrity": "sha512-gIBzN6rpvG5om/WAu1rEiE9SgT9mQ00cmYvRb6Cr4ngVaz9Ae8JGeEByMOvrfKvrMhsZzLCNmUJLBJZwjri4bw=="
		}
	}
}
