# THIS IS AN AUTOGENERATED FILE. DO NOT EDIT THIS FILE DIRECTLY.
# yarn lockfile v1


evil-icons@^1.10.1:
  version "1.10.1"
  resolved "https://registry.yarnpkg.com/evil-icons/-/evil-icons-1.10.1.tgz#5c6abfec541025a90f73bba6151340e015ef7f9b"
  integrity sha512-gIBzN6rpvG5om/WAu1rEiE9SgT9mQ00cmYvRb6Cr4ngVaz9Ae8JGeEByMOvrfKvrMhsZzLCNmUJLBJZwjri4bw==
